
Microsoft Visual Studio Solution File, Format Version 12.00
# Visual Studio Version 16
VisualStudioVersion = 16.0.31702.278
MinimumVisualStudioVersion = 10.0.40219.1
Project("{8BC9CEB8-8B4A-11D0-8D11-00A0C91BC942}") = "Project2", "Project2.vcxproj", "{49F4DA72-B6B7-4BF7-907A-DA9E56929DA4}"
EndProject
Global
	GlobalSection(SolutionConfigurationPlatforms) = preSolution
		Debug|x64 = Debug|x64
		Debug|x86 = Debug|x86
		Release|x64 = Release|x64
		Release|x86 = Release|x86
	EndGlobalSection
	GlobalSection(ProjectConfigurationPlatforms) = postSolution
		{49F4DA72-B6B7-4BF7-907A-DA9E56929DA4}.Debug|x64.ActiveCfg = Debug|x64
		{49F4DA72-B6B7-4BF7-907A-DA9E56929DA4}.Debug|x64.Build.0 = Debug|x64
		{49F4DA72-B6B7-4BF7-907A-DA9E56929DA4}.Debug|x86.ActiveCfg = Debug|Win32
		{49F4DA72-B6B7-4BF7-907A-DA9E56929DA4}.Debug|x86.Build.0 = Debug|Win32
		{49F4DA72-B6B7-4BF7-907A-DA9E56929DA4}.Release|x64.ActiveCfg = Release|x64
		{49F4DA72-B6B7-4BF7-907A-DA9E56929DA4}.Release|x64.Build.0 = Release|x64
		{49F4DA72-B6B7-4BF7-907A-DA9E56929DA4}.Release|x86.ActiveCfg = Release|Win32
		{49F4DA72-B6B7-4BF7-907A-DA9E56929DA4}.Release|x86.Build.0 = Release|Win32
	EndGlobalSection
	GlobalSection(SolutionProperties) = preSolution
		HideSolutionNode = FALSE
	EndGlobalSection
	GlobalSection(ExtensibilityGlobals) = postSolution
		SolutionGuid = {388C45C0-4018-4942-8552-22852F886D20}
	EndGlobalSection
EndGlobal
