
Microsoft Visual Studio Solution File, Format Version 12.00
# Visual Studio Version 16
VisualStudioVersion = 16.0.31702.278
MinimumVisualStudioVersion = 10.0.40219.1
Project("{8BC9CEB8-8B4A-11D0-8D11-00A0C91BC942}") = "Project2", "Project2.vcxproj", "{FC3D31D1-A95E-4C2B-B10C-D10B7733A3B6}"
EndProject
Global
	GlobalSection(SolutionConfigurationPlatforms) = preSolution
		Debug|x64 = Debug|x64
		Debug|x86 = Debug|x86
		Release|x64 = Release|x64
		Release|x86 = Release|x86
	EndGlobalSection
	GlobalSection(ProjectConfigurationPlatforms) = postSolution
		{FC3D31D1-A95E-4C2B-B10C-D10B7733A3B6}.Debug|x64.ActiveCfg = Debug|x64
		{FC3D31D1-A95E-4C2B-B10C-D10B7733A3B6}.Debug|x64.Build.0 = Debug|x64
		{FC3D31D1-A95E-4C2B-B10C-D10B7733A3B6}.Debug|x86.ActiveCfg = Debug|Win32
		{FC3D31D1-A95E-4C2B-B10C-D10B7733A3B6}.Debug|x86.Build.0 = Debug|Win32
		{FC3D31D1-A95E-4C2B-B10C-D10B7733A3B6}.Release|x64.ActiveCfg = Release|x64
		{FC3D31D1-A95E-4C2B-B10C-D10B7733A3B6}.Release|x64.Build.0 = Release|x64
		{FC3D31D1-A95E-4C2B-B10C-D10B7733A3B6}.Release|x86.ActiveCfg = Release|Win32
		{FC3D31D1-A95E-4C2B-B10C-D10B7733A3B6}.Release|x86.Build.0 = Release|Win32
	EndGlobalSection
	GlobalSection(SolutionProperties) = preSolution
		HideSolutionNode = FALSE
	EndGlobalSection
	GlobalSection(ExtensibilityGlobals) = postSolution
		SolutionGuid = {0D73AE61-2DB2-4D8F-A843-92D9469DC099}
	EndGlobalSection
EndGlobal
