
Microsoft Visual Studio Solution File, Format Version 12.00
# Visual Studio Version 16
VisualStudioVersion = 16.0.31702.278
MinimumVisualStudioVersion = 10.0.40219.1
Project("{8BC9CEB8-8B4A-11D0-8D11-00A0C91BC942}") = "practice1", "practice1.vcxproj", "{8182DD75-92C7-4B25-A1B9-4AC5809BAC04}"
EndProject
Global
	GlobalSection(SolutionConfigurationPlatforms) = preSolution
		Debug|x64 = Debug|x64
		Debug|x86 = Debug|x86
		Release|x64 = Release|x64
		Release|x86 = Release|x86
	EndGlobalSection
	GlobalSection(ProjectConfigurationPlatforms) = postSolution
		{8182DD75-92C7-4B25-A1B9-4AC5809BAC04}.Debug|x64.ActiveCfg = Debug|x64
		{8182DD75-92C7-4B25-A1B9-4AC5809BAC04}.Debug|x64.Build.0 = Debug|x64
		{8182DD75-92C7-4B25-A1B9-4AC5809BAC04}.Debug|x86.ActiveCfg = Debug|Win32
		{8182DD75-92C7-4B25-A1B9-4AC5809BAC04}.Debug|x86.Build.0 = Debug|Win32
		{8182DD75-92C7-4B25-A1B9-4AC5809BAC04}.Release|x64.ActiveCfg = Release|x64
		{8182DD75-92C7-4B25-A1B9-4AC5809BAC04}.Release|x64.Build.0 = Release|x64
		{8182DD75-92C7-4B25-A1B9-4AC5809BAC04}.Release|x86.ActiveCfg = Release|Win32
		{8182DD75-92C7-4B25-A1B9-4AC5809BAC04}.Release|x86.Build.0 = Release|Win32
	EndGlobalSection
	GlobalSection(SolutionProperties) = preSolution
		HideSolutionNode = FALSE
	EndGlobalSection
	GlobalSection(ExtensibilityGlobals) = postSolution
		SolutionGuid = {500F27B9-0C61-4A38-B8FC-C5116A315B10}
	EndGlobalSection
EndGlobal
