
Microsoft Visual Studio Solution File, Format Version 12.00
# Visual Studio Version 16
VisualStudioVersion = 16.0.31702.278
MinimumVisualStudioVersion = 10.0.40219.1
Project("{8BC9CEB8-8B4A-11D0-8D11-00A0C91BC942}") = "star", "star.vcxproj", "{A1A51866-3E28-47A0-9451-5F122DCF5055}"
EndProject
Global
	GlobalSection(SolutionConfigurationPlatforms) = preSolution
		Debug|x64 = Debug|x64
		Debug|x86 = Debug|x86
		Release|x64 = Release|x64
		Release|x86 = Release|x86
	EndGlobalSection
	GlobalSection(ProjectConfigurationPlatforms) = postSolution
		{A1A51866-3E28-47A0-9451-5F122DCF5055}.Debug|x64.ActiveCfg = Debug|x64
		{A1A51866-3E28-47A0-9451-5F122DCF5055}.Debug|x64.Build.0 = Debug|x64
		{A1A51866-3E28-47A0-9451-5F122DCF5055}.Debug|x86.ActiveCfg = Debug|Win32
		{A1A51866-3E28-47A0-9451-5F122DCF5055}.Debug|x86.Build.0 = Debug|Win32
		{A1A51866-3E28-47A0-9451-5F122DCF5055}.Release|x64.ActiveCfg = Release|x64
		{A1A51866-3E28-47A0-9451-5F122DCF5055}.Release|x64.Build.0 = Release|x64
		{A1A51866-3E28-47A0-9451-5F122DCF5055}.Release|x86.ActiveCfg = Release|Win32
		{A1A51866-3E28-47A0-9451-5F122DCF5055}.Release|x86.Build.0 = Release|Win32
	EndGlobalSection
	GlobalSection(SolutionProperties) = preSolution
		HideSolutionNode = FALSE
	EndGlobalSection
	GlobalSection(ExtensibilityGlobals) = postSolution
		SolutionGuid = {4CD36AAD-91C8-4B11-979A-FBCF38F6DC9E}
	EndGlobalSection
EndGlobal
